dependencies:
  espressif/esp-dsp:
    component_hash: f5fe1466237d0352c98321efe7fa284c8ec0e11f764fd98e319b563d29d0cd17
    source:
      service_url: https://api.components.espressif.com/
      type: service
    version: 1.4.0
  idf:
    component_hash: null
    source:
      type: idf
    version: 5.0.0
manifest_hash: 7aff3dc62f070a8a35fa25dd536a5c5e5ca123de6fbd72e6a9b5b84a56e3ac6d
target: esp32s2
version: 1.0.0
